
Microsoft Visual Studio Solution File, Format Version 12.00
# Visual Studio 15
VisualStudioVersion = 15.0.28010.2003
MinimumVisualStudioVersion = 10.0.40219.1
Project("{FAE04EC0-301F-11D3-BF4B-00C04F79EFBC}") = "AppTest.Android", "AppTest\AppTest.Android\AppTest.Android.csproj", "{694EF547-E75D-4E03-8AFC-AC992DA67466}"
EndProject
Project("{FAE04EC0-301F-11D3-BF4B-00C04F79EFBC}") = "AppTest.iOS", "AppTest\AppTest.iOS\AppTest.iOS.csproj", "{56EA83C0-45C8-4998-8EA3-CB4D95D6791D}"
EndProject
Project("{FAE04EC0-301F-11D3-BF4B-00C04F79EFBC}") = "AppTest", "AppTest\AppTest\AppTest.csproj", "{802754E8-C576-41EA-A42E-F0F91EE81B37}"
EndProject
Global
	GlobalSection(SolutionConfigurationPlatforms) = preSolution
		Ad-Hoc|Any CPU = Ad-Hoc|Any CPU
		Ad-Hoc|iPhone = Ad-Hoc|iPhone
		Ad-Hoc|iPhoneSimulator = Ad-Hoc|iPhoneSimulator
		AppStore|Any CPU = AppStore|Any CPU
		AppStore|iPhone = AppStore|iPhone
		AppStore|iPhoneSimulator = AppStore|iPhoneSimulator
		Debug|Any CPU = Debug|Any CPU
		Debug|iPhone = Debug|iPhone
		Debug|iPhoneSimulator = Debug|iPhoneSimulator
		Release|Any CPU = Release|Any CPU
		Release|iPhone = Release|iPhone
		Release|iPhoneSimulator = Release|iPhoneSimulator
	EndGlobalSection
	GlobalSection(ProjectConfigurationPlatforms) = postSolution
		{694EF547-E75D-4E03-8AFC-AC992DA67466}.Ad-Hoc|Any CPU.ActiveCfg = Release|Any CPU
		{694EF547-E75D-4E03-8AFC-AC992DA67466}.Ad-Hoc|Any CPU.Build.0 = Release|Any CPU
		{694EF547-E75D-4E03-8AFC-AC992DA67466}.Ad-Hoc|Any CPU.Deploy.0 = Release|Any CPU
		{694EF547-E75D-4E03-8AFC-AC992DA67466}.Ad-Hoc|iPhone.ActiveCfg = Release|Any CPU
		{694EF547-E75D-4E03-8AFC-AC992DA67466}.Ad-Hoc|iPhone.Build.0 = Release|Any CPU
		{694EF547-E75D-4E03-8AFC-AC992DA67466}.Ad-Hoc|iPhone.Deploy.0 = Release|Any CPU
		{694EF547-E75D-4E03-8AFC-AC992DA67466}.Ad-Hoc|iPhoneSimulator.ActiveCfg = Release|Any CPU
		{694EF547-E75D-4E03-8AFC-AC992DA67466}.Ad-Hoc|iPhoneSimulator.Build.0 = Release|Any CPU
		{694EF547-E75D-4E03-8AFC-AC992DA67466}.Ad-Hoc|iPhoneSimulator.Deploy.0 = Release|Any CPU
		{694EF547-E75D-4E03-8AFC-AC992DA67466}.AppStore|Any CPU.ActiveCfg = Release|Any CPU
		{694EF547-E75D-4E03-8AFC-AC992DA67466}.AppStore|Any CPU.Build.0 = Release|Any CPU
		{694EF547-E75D-4E03-8AFC-AC992DA67466}.AppStore|Any CPU.Deploy.0 = Release|Any CPU
		{694EF547-E75D-4E03-8AFC-AC992DA67466}.AppStore|iPhone.ActiveCfg = Release|Any CPU
		{694EF547-E75D-4E03-8AFC-AC992DA67466}.AppStore|iPhone.Build.0 = Release|Any CPU
		{694EF547-E75D-4E03-8AFC-AC992DA67466}.AppStore|iPhone.Deploy.0 = Release|Any CPU
		{694EF547-E75D-4E03-8AFC-AC992DA67466}.AppStore|iPhoneSimulator.ActiveCfg = Release|Any CPU
		{694EF547-E75D-4E03-8AFC-AC992DA67466}.AppStore|iPhoneSimulator.Build.0 = Release|Any CPU
		{694EF547-E75D-4E03-8AFC-AC992DA67466}.AppStore|iPhoneSimulator.Deploy.0 = Release|Any CPU
		{694EF547-E75D-4E03-8AFC-AC992DA67466}.Debug|Any CPU.ActiveCfg = Debug|Any CPU
		{694EF547-E75D-4E03-8AFC-AC992DA67466}.Debug|Any CPU.Build.0 = Debug|Any CPU
		{694EF547-E75D-4E03-8AFC-AC992DA67466}.Debug|Any CPU.Deploy.0 = Debug|Any CPU
		{694EF547-E75D-4E03-8AFC-AC992DA67466}.Debug|iPhone.ActiveCfg = Debug|Any CPU
		{694EF547-E75D-4E03-8AFC-AC992DA67466}.Debug|iPhone.Build.0 = Debug|Any CPU
		{694EF547-E75D-4E03-8AFC-AC992DA67466}.Debug|iPhone.Deploy.0 = Debug|Any CPU
		{694EF547-E75D-4E03-8AFC-AC992DA67466}.Debug|iPhoneSimulator.ActiveCfg = Debug|Any CPU
		{694EF547-E75D-4E03-8AFC-AC992DA67466}.Debug|iPhoneSimulator.Build.0 = Debug|Any CPU
		{694EF547-E75D-4E03-8AFC-AC992DA67466}.Debug|iPhoneSimulator.Deploy.0 = Debug|Any CPU
		{694EF547-E75D-4E03-8AFC-AC992DA67466}.Release|Any CPU.ActiveCfg = Release|Any CPU
		{694EF547-E75D-4E03-8AFC-AC992DA67466}.Release|Any CPU.Build.0 = Release|Any CPU
		{694EF547-E75D-4E03-8AFC-AC992DA67466}.Release|Any CPU.Deploy.0 = Release|Any CPU
		{694EF547-E75D-4E03-8AFC-AC992DA67466}.Release|iPhone.ActiveCfg = Release|Any CPU
		{694EF547-E75D-4E03-8AFC-AC992DA67466}.Release|iPhone.Build.0 = Release|Any CPU
		{694EF547-E75D-4E03-8AFC-AC992DA67466}.Release|iPhone.Deploy.0 = Release|Any CPU
		{694EF547-E75D-4E03-8AFC-AC992DA67466}.Release|iPhoneSimulator.ActiveCfg = Release|Any CPU
		{694EF547-E75D-4E03-8AFC-AC992DA67466}.Release|iPhoneSimulator.Build.0 = Release|Any CPU
		{694EF547-E75D-4E03-8AFC-AC992DA67466}.Release|iPhoneSimulator.Deploy.0 = Release|Any CPU
		{56EA83C0-45C8-4998-8EA3-CB4D95D6791D}.Ad-Hoc|Any CPU.ActiveCfg = Ad-Hoc|iPhone
		{56EA83C0-45C8-4998-8EA3-CB4D95D6791D}.Ad-Hoc|Any CPU.Build.0 = Ad-Hoc|iPhone
		{56EA83C0-45C8-4998-8EA3-CB4D95D6791D}.Ad-Hoc|Any CPU.Deploy.0 = Ad-Hoc|iPhone
		{56EA83C0-45C8-4998-8EA3-CB4D95D6791D}.Ad-Hoc|iPhone.ActiveCfg = Ad-Hoc|iPhone
		{56EA83C0-45C8-4998-8EA3-CB4D95D6791D}.Ad-Hoc|iPhone.Build.0 = Ad-Hoc|iPhone
		{56EA83C0-45C8-4998-8EA3-CB4D95D6791D}.Ad-Hoc|iPhone.Deploy.0 = Ad-Hoc|iPhone
		{56EA83C0-45C8-4998-8EA3-CB4D95D6791D}.Ad-Hoc|iPhoneSimulator.ActiveCfg = Ad-Hoc|iPhoneSimulator
		{56EA83C0-45C8-4998-8EA3-CB4D95D6791D}.Ad-Hoc|iPhoneSimulator.Build.0 = Ad-Hoc|iPhoneSimulator
		{56EA83C0-45C8-4998-8EA3-CB4D95D6791D}.Ad-Hoc|iPhoneSimulator.Deploy.0 = Ad-Hoc|iPhoneSimulator
		{56EA83C0-45C8-4998-8EA3-CB4D95D6791D}.AppStore|Any CPU.ActiveCfg = AppStore|iPhone
		{56EA83C0-45C8-4998-8EA3-CB4D95D6791D}.AppStore|Any CPU.Build.0 = AppStore|iPhone
		{56EA83C0-45C8-4998-8EA3-CB4D95D6791D}.AppStore|Any CPU.Deploy.0 = AppStore|iPhone
		{56EA83C0-45C8-4998-8EA3-CB4D95D6791D}.AppStore|iPhone.ActiveCfg = AppStore|iPhone
		{56EA83C0-45C8-4998-8EA3-CB4D95D6791D}.AppStore|iPhone.Build.0 = AppStore|iPhone
		{56EA83C0-45C8-4998-8EA3-CB4D95D6791D}.AppStore|iPhone.Deploy.0 = AppStore|iPhone
		{56EA83C0-45C8-4998-8EA3-CB4D95D6791D}.AppStore|iPhoneSimulator.ActiveCfg = AppStore|iPhoneSimulator
		{56EA83C0-45C8-4998-8EA3-CB4D95D6791D}.AppStore|iPhoneSimulator.Build.0 = AppStore|iPhoneSimulator
		{56EA83C0-45C8-4998-8EA3-CB4D95D6791D}.AppStore|iPhoneSimulator.Deploy.0 = AppStore|iPhoneSimulator
		{56EA83C0-45C8-4998-8EA3-CB4D95D6791D}.Debug|Any CPU.ActiveCfg = Debug|iPhoneSimulator
		{56EA83C0-45C8-4998-8EA3-CB4D95D6791D}.Debug|Any CPU.Build.0 = Debug|iPhoneSimulator
		{56EA83C0-45C8-4998-8EA3-CB4D95D6791D}.Debug|Any CPU.Deploy.0 = Debug|iPhoneSimulator
		{56EA83C0-45C8-4998-8EA3-CB4D95D6791D}.Debug|iPhone.ActiveCfg = Debug|iPhone
		{56EA83C0-45C8-4998-8EA3-CB4D95D6791D}.Debug|iPhone.Build.0 = Debug|iPhone
		{56EA83C0-45C8-4998-8EA3-CB4D95D6791D}.Debug|iPhone.Deploy.0 = Debug|iPhone
		{56EA83C0-45C8-4998-8EA3-CB4D95D6791D}.Debug|iPhoneSimulator.ActiveCfg = Debug|iPhoneSimulator
		{56EA83C0-45C8-4998-8EA3-CB4D95D6791D}.Debug|iPhoneSimulator.Build.0 = Debug|iPhoneSimulator
		{56EA83C0-45C8-4998-8EA3-CB4D95D6791D}.Debug|iPhoneSimulator.Deploy.0 = Debug|iPhoneSimulator
		{56EA83C0-45C8-4998-8EA3-CB4D95D6791D}.Release|Any CPU.ActiveCfg = Release|iPhone
		{56EA83C0-45C8-4998-8EA3-CB4D95D6791D}.Release|Any CPU.Build.0 = Release|iPhone
		{56EA83C0-45C8-4998-8EA3-CB4D95D6791D}.Release|Any CPU.Deploy.0 = Release|iPhone
		{56EA83C0-45C8-4998-8EA3-CB4D95D6791D}.Release|iPhone.ActiveCfg = Release|iPhone
		{56EA83C0-45C8-4998-8EA3-CB4D95D6791D}.Release|iPhone.Build.0 = Release|iPhone
		{56EA83C0-45C8-4998-8EA3-CB4D95D6791D}.Release|iPhone.Deploy.0 = Release|iPhone
		{56EA83C0-45C8-4998-8EA3-CB4D95D6791D}.Release|iPhoneSimulator.ActiveCfg = Release|iPhoneSimulator
		{56EA83C0-45C8-4998-8EA3-CB4D95D6791D}.Release|iPhoneSimulator.Build.0 = Release|iPhoneSimulator
		{56EA83C0-45C8-4998-8EA3-CB4D95D6791D}.Release|iPhoneSimulator.Deploy.0 = Release|iPhoneSimulator
		{802754E8-C576-41EA-A42E-F0F91EE81B37}.Ad-Hoc|Any CPU.ActiveCfg = Debug|Any CPU
		{802754E8-C576-41EA-A42E-F0F91EE81B37}.Ad-Hoc|Any CPU.Build.0 = Debug|Any CPU
		{802754E8-C576-41EA-A42E-F0F91EE81B37}.Ad-Hoc|Any CPU.Deploy.0 = Debug|Any CPU
		{802754E8-C576-41EA-A42E-F0F91EE81B37}.Ad-Hoc|iPhone.ActiveCfg = Debug|Any CPU
		{802754E8-C576-41EA-A42E-F0F91EE81B37}.Ad-Hoc|iPhone.Build.0 = Debug|Any CPU
		{802754E8-C576-41EA-A42E-F0F91EE81B37}.Ad-Hoc|iPhone.Deploy.0 = Debug|Any CPU
		{802754E8-C576-41EA-A42E-F0F91EE81B37}.Ad-Hoc|iPhoneSimulator.ActiveCfg = Debug|Any CPU
		{802754E8-C576-41EA-A42E-F0F91EE81B37}.Ad-Hoc|iPhoneSimulator.Build.0 = Debug|Any CPU
		{802754E8-C576-41EA-A42E-F0F91EE81B37}.Ad-Hoc|iPhoneSimulator.Deploy.0 = Debug|Any CPU
		{802754E8-C576-41EA-A42E-F0F91EE81B37}.AppStore|Any CPU.ActiveCfg = Debug|Any CPU
		{802754E8-C576-41EA-A42E-F0F91EE81B37}.AppStore|Any CPU.Build.0 = Debug|Any CPU
		{802754E8-C576-41EA-A42E-F0F91EE81B37}.AppStore|Any CPU.Deploy.0 = Debug|Any CPU
		{802754E8-C576-41EA-A42E-F0F91EE81B37}.AppStore|iPhone.ActiveCfg = Debug|Any CPU
		{802754E8-C576-41EA-A42E-F0F91EE81B37}.AppStore|iPhone.Build.0 = Debug|Any CPU
		{802754E8-C576-41EA-A42E-F0F91EE81B37}.AppStore|iPhone.Deploy.0 = Debug|Any CPU
		{802754E8-C576-41EA-A42E-F0F91EE81B37}.AppStore|iPhoneSimulator.ActiveCfg = Debug|Any CPU
		{802754E8-C576-41EA-A42E-F0F91EE81B37}.AppStore|iPhoneSimulator.Build.0 = Debug|Any CPU
		{802754E8-C576-41EA-A42E-F0F91EE81B37}.AppStore|iPhoneSimulator.Deploy.0 = Debug|Any CPU
		{802754E8-C576-41EA-A42E-F0F91EE81B37}.Debug|Any CPU.ActiveCfg = Debug|Any CPU
		{802754E8-C576-41EA-A42E-F0F91EE81B37}.Debug|Any CPU.Build.0 = Debug|Any CPU
		{802754E8-C576-41EA-A42E-F0F91EE81B37}.Debug|Any CPU.Deploy.0 = Debug|Any CPU
		{802754E8-C576-41EA-A42E-F0F91EE81B37}.Debug|iPhone.ActiveCfg = Debug|Any CPU
		{802754E8-C576-41EA-A42E-F0F91EE81B37}.Debug|iPhone.Build.0 = Debug|Any CPU
		{802754E8-C576-41EA-A42E-F0F91EE81B37}.Debug|iPhone.Deploy.0 = Debug|Any CPU
		{802754E8-C576-41EA-A42E-F0F91EE81B37}.Debug|iPhoneSimulator.ActiveCfg = Debug|Any CPU
		{802754E8-C576-41EA-A42E-F0F91EE81B37}.Debug|iPhoneSimulator.Build.0 = Debug|Any CPU
		{802754E8-C576-41EA-A42E-F0F91EE81B37}.Debug|iPhoneSimulator.Deploy.0 = Debug|Any CPU
		{802754E8-C576-41EA-A42E-F0F91EE81B37}.Release|Any CPU.ActiveCfg = Release|Any CPU
		{802754E8-C576-41EA-A42E-F0F91EE81B37}.Release|Any CPU.Build.0 = Release|Any CPU
		{802754E8-C576-41EA-A42E-F0F91EE81B37}.Release|Any CPU.Deploy.0 = Release|Any CPU
		{802754E8-C576-41EA-A42E-F0F91EE81B37}.Release|iPhone.ActiveCfg = Release|Any CPU
		{802754E8-C576-41EA-A42E-F0F91EE81B37}.Release|iPhone.Build.0 = Release|Any CPU
		{802754E8-C576-41EA-A42E-F0F91EE81B37}.Release|iPhone.Deploy.0 = Release|Any CPU
		{802754E8-C576-41EA-A42E-F0F91EE81B37}.Release|iPhoneSimulator.ActiveCfg = Release|Any CPU
		{802754E8-C576-41EA-A42E-F0F91EE81B37}.Release|iPhoneSimulator.Build.0 = Release|Any CPU
		{802754E8-C576-41EA-A42E-F0F91EE81B37}.Release|iPhoneSimulator.Deploy.0 = Release|Any CPU
	EndGlobalSection
	GlobalSection(SolutionProperties) = preSolution
		HideSolutionNode = FALSE
	EndGlobalSection
	GlobalSection(ExtensibilityGlobals) = postSolution
		SolutionGuid = {9703CD55-CE62-4331-AE62-13440E1CFC78}
	EndGlobalSection
EndGlobal
